
Microsoft Visual Studio Solution File, Format Version 12.00
# Visual Studio Version 17
VisualStudioVersion = 17.9.34728.123
MinimumVisualStudioVersion = 10.0.40219.1
Project("{9A19103F-16F7-4668-BE54-9A1E7A4F7556}") = "my.project", "my.project\my.project.csproj", "{6320181A-437B-4EA6-A039-23A8D6AAD22C}"
EndProject
Project("{9A19103F-16F7-4668-BE54-9A1E7A4F7556}") = "DomainModels", "DomainModels\DomainModels.csproj", "{C9B2A73B-0727-4ABD-9B34-4BCB468DC180}"
EndProject
Project("{FAE04EC0-301F-11D3-BF4B-00C04F79EFBC}") = "My.Infrastructure", "My.Infrastructure\My.Infrastructure.csproj", "{315C6826-F5E6-4C6B-B776-A5F8CFBE7B05}"
EndProject
Global
	GlobalSection(SolutionConfigurationPlatforms) = preSolution
		Debug|Any CPU = Debug|Any CPU
		Release|Any CPU = Release|Any CPU
	EndGlobalSection
	GlobalSection(ProjectConfigurationPlatforms) = postSolution
		{6320181A-437B-4EA6-A039-23A8D6AAD22C}.Debug|Any CPU.ActiveCfg = Debug|Any CPU
		{6320181A-437B-4EA6-A039-23A8D6AAD22C}.Debug|Any CPU.Build.0 = Debug|Any CPU
		{6320181A-437B-4EA6-A039-23A8D6AAD22C}.Release|Any CPU.ActiveCfg = Release|Any CPU
		{6320181A-437B-4EA6-A039-23A8D6AAD22C}.Release|Any CPU.Build.0 = Release|Any CPU
		{C9B2A73B-0727-4ABD-9B34-4BCB468DC180}.Debug|Any CPU.ActiveCfg = Debug|Any CPU
		{C9B2A73B-0727-4ABD-9B34-4BCB468DC180}.Debug|Any CPU.Build.0 = Debug|Any CPU
		{C9B2A73B-0727-4ABD-9B34-4BCB468DC180}.Release|Any CPU.ActiveCfg = Release|Any CPU
		{C9B2A73B-0727-4ABD-9B34-4BCB468DC180}.Release|Any CPU.Build.0 = Release|Any CPU
		{315C6826-F5E6-4C6B-B776-A5F8CFBE7B05}.Debug|Any CPU.ActiveCfg = Debug|Any CPU
		{315C6826-F5E6-4C6B-B776-A5F8CFBE7B05}.Debug|Any CPU.Build.0 = Debug|Any CPU
		{315C6826-F5E6-4C6B-B776-A5F8CFBE7B05}.Release|Any CPU.ActiveCfg = Release|Any CPU
		{315C6826-F5E6-4C6B-B776-A5F8CFBE7B05}.Release|Any CPU.Build.0 = Release|Any CPU
	EndGlobalSection
	GlobalSection(SolutionProperties) = preSolution
		HideSolutionNode = FALSE
	EndGlobalSection
	GlobalSection(ExtensibilityGlobals) = postSolution
		SolutionGuid = {4178F2F3-95D2-4058-BCCB-4DB13B349C0E}
	EndGlobalSection
EndGlobal
